{
  "pins" : [
    {
      "identity" : "zenid-ios",
      "kind" : "remoteSourceControl",
      "location" : "https://github.com/ZenIDTeam/ZenID-ios.git",
      "state" : {
        "branch" : "master",
        "revision" : "c55fa564df3be5b98df628636b32fffa8a42251f"
      }
    }
  ],
  "version" : 2
}
