{
  "pins" : [
    {
      "identity" : "cocoalumberjack",
      "kind" : "remoteSourceControl",
      "location" : "https://github.com/CocoaLumberjack/CocoaLumberjack",
      "state" : {
        "revision" : "80ada1f753b0d53d9b57c465936a7c4169375002",
        "version" : "3.7.4"
      }
    },
    {
      "identity" : "mrzparser",
      "kind" : "remoteSourceControl",
      "location" : "https://github.com/pykaso/MRZParser",
      "state" : {
        "branch" : "develop",
        "revision" : "64b73fae8092b31d0a378f0d000c244470c7ac44"
      }
    },
    {
      "identity" : "nfcpassportreader",
      "kind" : "remoteSourceControl",
      "location" : "https://github.com/pykaso/NFCPassportReader/",
      "state" : {
        "branch" : "main",
        "revision" : "585728192d7a43360f3126afcf8d8239bd93cea3"
      }
    },
    {
      "identity" : "openssl",
      "kind" : "remoteSourceControl",
      "location" : "https://github.com/krzyzanowskim/OpenSSL.git",
      "state" : {
        "branch" : "master",
        "revision" : "87f41bf9488e7dd2b0de2ab97cb3eafc7304e0e6"
      }
    },
    {
      "identity" : "swift-log",
      "kind" : "remoteSourceControl",
      "location" : "https://github.com/apple/swift-log.git",
      "state" : {
        "revision" : "32e8d724467f8fe623624570367e3d50c5638e46",
        "version" : "1.5.2"
      }
    },
    {
      "identity" : "ziparchive",
      "kind" : "remoteSourceControl",
      "location" : "https://github.com/ZipArchive/ZipArchive.git",
      "state" : {
        "revision" : "bc8bdb5216f9b37071a917025d76183a2ea41135",
        "version" : "2.5.0"
      }
    }
  ],
  "version" : 2
}
