{
  "pins" : [
    {
      "identity" : "zenid-ios",
      "kind" : "remoteSourceControl",
      "location" : "https://github.com/ZenIDTeam/ZenID-ios.git",
      "state" : {
        "branch" : "swift-package",
        "revision" : "9c75970d8bf08ac869ba0690518e46dd366645e3"
      }
    }
  ],
  "version" : 2
}
