// !$*UTF8*$!
{
	archiveVersion = 1;
	classes = {
	};
	objectVersion = 50;
	objects = {

/* Begin PBXBuildFile section */
		D23D193D22C3C7D3004860F9 /* CoreVideo.framework in Frameworks */ = {isa = PBXBuildFile; fileRef = D261288C22C3701F00942D8A /* CoreVideo.framework */; };
		D23D193E22C3C7D7004860F9 /* AssetsLibrary.framework in Frameworks */ = {isa = PBXBuildFile; fileRef = D296262622C36B81007B934C /* AssetsLibrary.framework */; };
		D23D193F22C3C7DF004860F9 /* AVFoundation.framework in Frameworks */ = {isa = PBXBuildFile; fileRef = D296261E22C3631F007B934C /* AVFoundation.framework */; };
		D261289C22C38F0100942D8A /* CDocumentWrapper.cpp in Sources */ = {isa = PBXBuildFile; fileRef = D261289A22C38F0100942D8A /* CDocumentWrapper.cpp */; };
		D26128EE22C3A99300942D8A /* CDocumentWrapper.hpp in Headers */ = {isa = PBXBuildFile; fileRef = D26128ED22C3A99300942D8A /* CDocumentWrapper.hpp */; settings = {ATTRIBUTES = (Public, ); }; };
		D264246222C11E7E00735B99 /* RecogLib_iOS.h in Headers */ = {isa = PBXBuildFile; fileRef = D264246022C11E7E00735B99 /* RecogLib_iOS.h */; settings = {ATTRIBUTES = (Public, ); }; };
		D264246A22C11EC100735B99 /* RecogLibC.cpp in Sources */ = {isa = PBXBuildFile; fileRef = D264246822C11EC100735B99 /* RecogLibC.cpp */; };
		D26425EE22C121ED00735B99 /* ModelLoader.h in Headers */ = {isa = PBXBuildFile; fileRef = D264249822C121ED00735B99 /* ModelLoader.h */; };
		D26425EF22C121ED00735B99 /* SpecularImageValidator.h in Headers */ = {isa = PBXBuildFile; fileRef = D264249922C121ED00735B99 /* SpecularImageValidator.h */; };
		D26425F122C121ED00735B99 /* Matcher.h in Headers */ = {isa = PBXBuildFile; fileRef = D264249B22C121ED00735B99 /* Matcher.h */; };
		D26425F222C121ED00735B99 /* ScopedTimer.h in Headers */ = {isa = PBXBuildFile; fileRef = D264249C22C121ED00735B99 /* ScopedTimer.h */; };
		D26425F322C121ED00735B99 /* ZenidEnums.generated.h in Headers */ = {isa = PBXBuildFile; fileRef = D264249D22C121ED00735B99 /* ZenidEnums.generated.h */; };
		D26425F422C121ED00735B99 /* Utilities.h in Headers */ = {isa = PBXBuildFile; fileRef = D264249E22C121ED00735B99 /* Utilities.h */; };
		D26425F522C121ED00735B99 /* BlurValidator.h in Headers */ = {isa = PBXBuildFile; fileRef = D264249F22C121ED00735B99 /* BlurValidator.h */; };
		D26425F622C121ED00735B99 /* RecogLibCException.h in Headers */ = {isa = PBXBuildFile; fileRef = D26424A022C121ED00735B99 /* RecogLibCException.h */; };
		D26425F722C121ED00735B99 /* faceidentification.h in Headers */ = {isa = PBXBuildFile; fileRef = D26424A122C121ED00735B99 /* faceidentification.h */; };
		D26425F822C121ED00735B99 /* Transform.h in Headers */ = {isa = PBXBuildFile; fileRef = D26424A222C121ED00735B99 /* Transform.h */; };
		D26425F922C121ED00735B99 /* HomohgraphyRank.h in Headers */ = {isa = PBXBuildFile; fileRef = D26424A322C121ED00735B99 /* HomohgraphyRank.h */; };
		D26425FA22C121ED00735B99 /* ProcModel.h in Headers */ = {isa = PBXBuildFile; fileRef = D26424A422C121ED00735B99 /* ProcModel.h */; };
		D26425FB22C121ED00735B99 /* facemarkLBFBinary.h in Headers */ = {isa = PBXBuildFile; fileRef = D26424A522C121ED00735B99 /* facemarkLBFBinary.h */; };
		D264286A22C124CD00735B99 /* format.h in Headers */ = {isa = PBXBuildFile; fileRef = D264272622C124CD00735B99 /* format.h */; };
		D264299322C127AE00735B99 /* FaceLivenessSample.cpp in Sources */ = {isa = PBXBuildFile; fileRef = D264298F22C127AE00735B99 /* FaceLivenessSample.cpp */; };
		D264299522C127AE00735B99 /* MatcherSample.cpp in Sources */ = {isa = PBXBuildFile; fileRef = D264299122C127AE00735B99 /* MatcherSample.cpp */; };
		D296261122C265E0007B934C /* DocumentVerifier.swift in Sources */ = {isa = PBXBuildFile; fileRef = D296261022C265E0007B934C /* DocumentVerifier.swift */; };
		D296261222C266E9007B934C /* DocumentVerifier.swift in Headers */ = {isa = PBXBuildFile; fileRef = D296261022C265E0007B934C /* DocumentVerifier.swift */; settings = {ATTRIBUTES = (Public, ); }; };
		D296261322C2670C007B934C /* DocumentPictureVerifier.h in Headers */ = {isa = PBXBuildFile; fileRef = D264249A22C121ED00735B99 /* DocumentPictureVerifier.h */; };
		D2991D8D22C3B53A00CF40F4 /* models in Resources */ = {isa = PBXBuildFile; fileRef = D2991D8C22C3B53A00CF40F4 /* models */; };
		D2991DA922C3C6FD00CF40F4 /* libc++.tbd in Frameworks */ = {isa = PBXBuildFile; fileRef = D261289422C370C200942D8A /* libc++.tbd */; };
		D2BD77E722C41A8C006D7974 /* opencv2.framework in Frameworks */ = {isa = PBXBuildFile; fileRef = D2BD77E622C41A8B006D7974 /* opencv2.framework */; };
/* End PBXBuildFile section */

/* Begin PBXFileReference section */
		D261288C22C3701F00942D8A /* CoreVideo.framework */ = {isa = PBXFileReference; lastKnownFileType = wrapper.framework; name = CoreVideo.framework; path = System/Library/Frameworks/CoreVideo.framework; sourceTree = SDKROOT; };
		D261288E22C3702500942D8A /* QuartzCore.framework */ = {isa = PBXFileReference; lastKnownFileType = wrapper.framework; name = QuartzCore.framework; path = System/Library/Frameworks/QuartzCore.framework; sourceTree = SDKROOT; };
		D261289422C370C200942D8A /* libc++.tbd */ = {isa = PBXFileReference; lastKnownFileType = "sourcecode.text-based-dylib-definition"; name = "libc++.tbd"; path = "usr/lib/libc++.tbd"; sourceTree = SDKROOT; };
		D261289A22C38F0100942D8A /* CDocumentWrapper.cpp */ = {isa = PBXFileReference; lastKnownFileType = sourcecode.cpp.cpp; path = CDocumentWrapper.cpp; sourceTree = "<group>"; };
		D26128CD22C3988100942D8A /* models */ = {isa = PBXFileReference; lastKnownFileType = folder; path = models; sourceTree = "<group>"; };
		D26128ED22C3A99300942D8A /* CDocumentWrapper.hpp */ = {isa = PBXFileReference; fileEncoding = 4; lastKnownFileType = sourcecode.cpp.h; path = CDocumentWrapper.hpp; sourceTree = "<group>"; };
		D264245D22C11E7E00735B99 /* RecogLib_iOS.framework */ = {isa = PBXFileReference; explicitFileType = wrapper.framework; includeInIndex = 0; path = RecogLib_iOS.framework; sourceTree = BUILT_PRODUCTS_DIR; };
		D264246022C11E7E00735B99 /* RecogLib_iOS.h */ = {isa = PBXFileReference; lastKnownFileType = sourcecode.c.h; path = RecogLib_iOS.h; sourceTree = "<group>"; };
		D264246122C11E7E00735B99 /* Info.plist */ = {isa = PBXFileReference; lastKnownFileType = text.plist.xml; path = Info.plist; sourceTree = "<group>"; };
		D264246822C11EC100735B99 /* RecogLibC.cpp */ = {isa = PBXFileReference; lastKnownFileType = sourcecode.cpp.cpp; path = RecogLibC.cpp; sourceTree = "<group>"; };
		D264249822C121ED00735B99 /* ModelLoader.h */ = {isa = PBXFileReference; fileEncoding = 4; lastKnownFileType = sourcecode.c.h; path = ModelLoader.h; sourceTree = "<group>"; };
		D264249922C121ED00735B99 /* SpecularImageValidator.h */ = {isa = PBXFileReference; fileEncoding = 4; lastKnownFileType = sourcecode.c.h; path = SpecularImageValidator.h; sourceTree = "<group>"; };
		D264249A22C121ED00735B99 /* DocumentPictureVerifier.h */ = {isa = PBXFileReference; fileEncoding = 4; lastKnownFileType = sourcecode.c.h; path = DocumentPictureVerifier.h; sourceTree = "<group>"; };
		D264249B22C121ED00735B99 /* Matcher.h */ = {isa = PBXFileReference; explicitFileType = sourcecode.cpp.h; fileEncoding = 4; path = Matcher.h; sourceTree = "<group>"; };
		D264249C22C121ED00735B99 /* ScopedTimer.h */ = {isa = PBXFileReference; fileEncoding = 4; lastKnownFileType = sourcecode.c.h; path = ScopedTimer.h; sourceTree = "<group>"; };
		D264249D22C121ED00735B99 /* ZenidEnums.generated.h */ = {isa = PBXFileReference; fileEncoding = 4; lastKnownFileType = sourcecode.c.h; path = ZenidEnums.generated.h; sourceTree = "<group>"; };
		D264249E22C121ED00735B99 /* Utilities.h */ = {isa = PBXFileReference; fileEncoding = 4; lastKnownFileType = sourcecode.c.h; path = Utilities.h; sourceTree = "<group>"; };
		D264249F22C121ED00735B99 /* BlurValidator.h */ = {isa = PBXFileReference; fileEncoding = 4; lastKnownFileType = sourcecode.c.h; path = BlurValidator.h; sourceTree = "<group>"; };
		D26424A022C121ED00735B99 /* RecogLibCException.h */ = {isa = PBXFileReference; fileEncoding = 4; lastKnownFileType = sourcecode.c.h; path = RecogLibCException.h; sourceTree = "<group>"; };
		D26424A122C121ED00735B99 /* faceidentification.h */ = {isa = PBXFileReference; fileEncoding = 4; lastKnownFileType = sourcecode.c.h; path = faceidentification.h; sourceTree = "<group>"; };
		D26424A222C121ED00735B99 /* Transform.h */ = {isa = PBXFileReference; fileEncoding = 4; lastKnownFileType = sourcecode.c.h; path = Transform.h; sourceTree = "<group>"; };
		D26424A322C121ED00735B99 /* HomohgraphyRank.h */ = {isa = PBXFileReference; fileEncoding = 4; lastKnownFileType = sourcecode.c.h; path = HomohgraphyRank.h; sourceTree = "<group>"; };
		D26424A422C121ED00735B99 /* ProcModel.h */ = {isa = PBXFileReference; fileEncoding = 4; lastKnownFileType = sourcecode.c.h; path = ProcModel.h; sourceTree = "<group>"; };
		D26424A522C121ED00735B99 /* facemarkLBFBinary.h */ = {isa = PBXFileReference; fileEncoding = 4; lastKnownFileType = sourcecode.c.h; path = facemarkLBFBinary.h; sourceTree = "<group>"; };
		D26424A622C121ED00735B99 /* FaceLivenessDetector.h */ = {isa = PBXFileReference; fileEncoding = 4; lastKnownFileType = sourcecode.c.h; path = FaceLivenessDetector.h; sourceTree = "<group>"; };
		D264272622C124CD00735B99 /* format.h */ = {isa = PBXFileReference; fileEncoding = 4; lastKnownFileType = sourcecode.c.h; path = format.h; sourceTree = "<group>"; };
		D264298F22C127AE00735B99 /* FaceLivenessSample.cpp */ = {isa = PBXFileReference; fileEncoding = 4; lastKnownFileType = sourcecode.cpp.cpp; path = FaceLivenessSample.cpp; sourceTree = "<group>"; };
		D264299022C127AE00735B99 /* MatcherSample.h */ = {isa = PBXFileReference; fileEncoding = 4; lastKnownFileType = sourcecode.c.h; path = MatcherSample.h; sourceTree = "<group>"; };
		D264299122C127AE00735B99 /* MatcherSample.cpp */ = {isa = PBXFileReference; fileEncoding = 4; lastKnownFileType = sourcecode.cpp.cpp; path = MatcherSample.cpp; sourceTree = "<group>"; };
		D264299222C127AE00735B99 /* FaceLivenessSample.h */ = {isa = PBXFileReference; fileEncoding = 4; lastKnownFileType = sourcecode.c.h; path = FaceLivenessSample.h; sourceTree = "<group>"; };
		D296261022C265E0007B934C /* DocumentVerifier.swift */ = {isa = PBXFileReference; lastKnownFileType = sourcecode.swift; path = DocumentVerifier.swift; sourceTree = "<group>"; };
		D296261E22C3631F007B934C /* AVFoundation.framework */ = {isa = PBXFileReference; lastKnownFileType = wrapper.framework; name = AVFoundation.framework; path = System/Library/Frameworks/AVFoundation.framework; sourceTree = SDKROOT; };
		D296262022C3633E007B934C /* CoreGraphics.framework */ = {isa = PBXFileReference; lastKnownFileType = wrapper.framework; name = CoreGraphics.framework; path = System/Library/Frameworks/CoreGraphics.framework; sourceTree = SDKROOT; };
		D296262122C3633E007B934C /* CoreImage.framework */ = {isa = PBXFileReference; lastKnownFileType = wrapper.framework; name = CoreImage.framework; path = System/Library/Frameworks/CoreImage.framework; sourceTree = SDKROOT; };
		D296262422C36359007B934C /* CoreMedia.framework */ = {isa = PBXFileReference; lastKnownFileType = wrapper.framework; name = CoreMedia.framework; path = System/Library/Frameworks/CoreMedia.framework; sourceTree = SDKROOT; };
		D296262622C36B81007B934C /* AssetsLibrary.framework */ = {isa = PBXFileReference; lastKnownFileType = wrapper.framework; name = AssetsLibrary.framework; path = System/Library/Frameworks/AssetsLibrary.framework; sourceTree = SDKROOT; };
		D2991D8C22C3B53A00CF40F4 /* models */ = {isa = PBXFileReference; lastKnownFileType = folder; path = models; sourceTree = "<group>"; };
		D2BD77E622C41A8B006D7974 /* opencv2.framework */ = {isa = PBXFileReference; lastKnownFileType = wrapper.framework; path = opencv2.framework; sourceTree = "<group>"; };
/* End PBXFileReference section */

/* Begin PBXFrameworksBuildPhase section */
		D264245A22C11E7E00735B99 /* Frameworks */ = {
			isa = PBXFrameworksBuildPhase;
			buildActionMask = 2147483647;
			files = (
				D23D193F22C3C7DF004860F9 /* AVFoundation.framework in Frameworks */,
				D23D193E22C3C7D7004860F9 /* AssetsLibrary.framework in Frameworks */,
				D23D193D22C3C7D3004860F9 /* CoreVideo.framework in Frameworks */,
				D2BD77E722C41A8C006D7974 /* opencv2.framework in Frameworks */,
				D2991DA922C3C6FD00CF40F4 /* libc++.tbd in Frameworks */,
			);
			runOnlyForDeploymentPostprocessing = 0;
		};
/* End PBXFrameworksBuildPhase section */

/* Begin PBXGroup section */
		D264245322C11E7E00735B99 = {
			isa = PBXGroup;
			children = (
				D264245F22C11E7E00735B99 /* RecogLib-iOS */,
				D264245E22C11E7E00735B99 /* Products */,
				D264249022C1210000735B99 /* Frameworks */,
			);
			sourceTree = "<group>";
		};
		D264245E22C11E7E00735B99 /* Products */ = {
			isa = PBXGroup;
			children = (
				D264245D22C11E7E00735B99 /* RecogLib_iOS.framework */,
			);
			name = Products;
			sourceTree = "<group>";
		};
		D264245F22C11E7E00735B99 /* RecogLib-iOS */ = {
			isa = PBXGroup;
			children = (
				D2991D8C22C3B53A00CF40F4 /* models */,
				D264298E22C127AE00735B99 /* samples */,
				D264271822C124CD00735B99 /* thirdparty */,
				D264249722C121ED00735B99 /* include */,
				D264246022C11E7E00735B99 /* RecogLib_iOS.h */,
				D264246122C11E7E00735B99 /* Info.plist */,
				D264246822C11EC100735B99 /* RecogLibC.cpp */,
				D296261022C265E0007B934C /* DocumentVerifier.swift */,
				D261289A22C38F0100942D8A /* CDocumentWrapper.cpp */,
			);
			path = "RecogLib-iOS";
			sourceTree = "<group>";
		};
		D264249022C1210000735B99 /* Frameworks */ = {
			isa = PBXGroup;
			children = (
				D2BD77E622C41A8B006D7974 /* opencv2.framework */,
				D261289422C370C200942D8A /* libc++.tbd */,
				D261288E22C3702500942D8A /* QuartzCore.framework */,
				D261288C22C3701F00942D8A /* CoreVideo.framework */,
				D296262622C36B81007B934C /* AssetsLibrary.framework */,
				D296262422C36359007B934C /* CoreMedia.framework */,
				D296262022C3633E007B934C /* CoreGraphics.framework */,
				D296262122C3633E007B934C /* CoreImage.framework */,
				D296261E22C3631F007B934C /* AVFoundation.framework */,
			);
			name = Frameworks;
			sourceTree = "<group>";
		};
		D264249722C121ED00735B99 /* include */ = {
			isa = PBXGroup;
			children = (
				D26128ED22C3A99300942D8A /* CDocumentWrapper.hpp */,
				D26128CD22C3988100942D8A /* models */,
				D264249822C121ED00735B99 /* ModelLoader.h */,
				D264249922C121ED00735B99 /* SpecularImageValidator.h */,
				D264249A22C121ED00735B99 /* DocumentPictureVerifier.h */,
				D264249B22C121ED00735B99 /* Matcher.h */,
				D264249C22C121ED00735B99 /* ScopedTimer.h */,
				D264249D22C121ED00735B99 /* ZenidEnums.generated.h */,
				D264249E22C121ED00735B99 /* Utilities.h */,
				D264249F22C121ED00735B99 /* BlurValidator.h */,
				D26424A022C121ED00735B99 /* RecogLibCException.h */,
				D26424A122C121ED00735B99 /* faceidentification.h */,
				D26424A222C121ED00735B99 /* Transform.h */,
				D26424A322C121ED00735B99 /* HomohgraphyRank.h */,
				D26424A422C121ED00735B99 /* ProcModel.h */,
				D26424A522C121ED00735B99 /* facemarkLBFBinary.h */,
				D26424A622C121ED00735B99 /* FaceLivenessDetector.h */,
			);
			path = include;
			sourceTree = "<group>";
		};
		D264271822C124CD00735B99 /* thirdparty */ = {
			isa = PBXGroup;
			children = (
				D264271A22C124CD00735B99 /* include */,
			);
			path = thirdparty;
			sourceTree = "<group>";
		};
		D264271A22C124CD00735B99 /* include */ = {
			isa = PBXGroup;
			children = (
				D264271B22C124CD00735B99 /* fmt */,
			);
			path = include;
			sourceTree = "<group>";
		};
		D264271B22C124CD00735B99 /* fmt */ = {
			isa = PBXGroup;
			children = (
				D264272622C124CD00735B99 /* format.h */,
			);
			path = fmt;
			sourceTree = "<group>";
		};
		D264298E22C127AE00735B99 /* samples */ = {
			isa = PBXGroup;
			children = (
				D264299022C127AE00735B99 /* MatcherSample.h */,
				D264299122C127AE00735B99 /* MatcherSample.cpp */,
				D264298F22C127AE00735B99 /* FaceLivenessSample.cpp */,
				D264299222C127AE00735B99 /* FaceLivenessSample.h */,
			);
			path = samples;
			sourceTree = "<group>";
		};
/* End PBXGroup section */

/* Begin PBXHeadersBuildPhase section */
		D264245822C11E7E00735B99 /* Headers */ = {
			isa = PBXHeadersBuildPhase;
			buildActionMask = 2147483647;
			files = (
				D296261222C266E9007B934C /* DocumentVerifier.swift in Headers */,
				D26128EE22C3A99300942D8A /* CDocumentWrapper.hpp in Headers */,
				D264246222C11E7E00735B99 /* RecogLib_iOS.h in Headers */,
				D26425F722C121ED00735B99 /* faceidentification.h in Headers */,
				D26425F122C121ED00735B99 /* Matcher.h in Headers */,
				D26425FA22C121ED00735B99 /* ProcModel.h in Headers */,
				D26425F622C121ED00735B99 /* RecogLibCException.h in Headers */,
				D26425F322C121ED00735B99 /* ZenidEnums.generated.h in Headers */,
				D296261322C2670C007B934C /* DocumentPictureVerifier.h in Headers */,
				D264286A22C124CD00735B99 /* format.h in Headers */,
				D26425F422C121ED00735B99 /* Utilities.h in Headers */,
				D26425F922C121ED00735B99 /* HomohgraphyRank.h in Headers */,
				D26425F822C121ED00735B99 /* Transform.h in Headers */,
				D26425F222C121ED00735B99 /* ScopedTimer.h in Headers */,
				D26425F522C121ED00735B99 /* BlurValidator.h in Headers */,
				D26425FB22C121ED00735B99 /* facemarkLBFBinary.h in Headers */,
				D26425EE22C121ED00735B99 /* ModelLoader.h in Headers */,
				D26425EF22C121ED00735B99 /* SpecularImageValidator.h in Headers */,
			);
			runOnlyForDeploymentPostprocessing = 0;
		};
/* End PBXHeadersBuildPhase section */

/* Begin PBXNativeTarget section */
		D264245C22C11E7E00735B99 /* RecogLib-iOS */ = {
			isa = PBXNativeTarget;
			buildConfigurationList = D264246522C11E7E00735B99 /* Build configuration list for PBXNativeTarget "RecogLib-iOS" */;
			buildPhases = (
				D264245822C11E7E00735B99 /* Headers */,
				D264245922C11E7E00735B99 /* Sources */,
				D264245A22C11E7E00735B99 /* Frameworks */,
				D264245B22C11E7E00735B99 /* Resources */,
			);
			buildRules = (
			);
			dependencies = (
			);
			name = "RecogLib-iOS";
			productName = "RecogLib-iOS";
			productReference = D264245D22C11E7E00735B99 /* RecogLib_iOS.framework */;
			productType = "com.apple.product-type.framework";
		};
/* End PBXNativeTarget section */

/* Begin PBXProject section */
		D264245422C11E7E00735B99 /* Project object */ = {
			isa = PBXProject;
			attributes = {
				LastUpgradeCheck = 1020;
				ORGANIZATIONNAME = "Marek Stana";
				TargetAttributes = {
					D264245C22C11E7E00735B99 = {
						CreatedOnToolsVersion = 10.2.1;
						LastSwiftMigration = 1020;
					};
				};
			};
			buildConfigurationList = D264245722C11E7E00735B99 /* Build configuration list for PBXProject "RecogLib-iOS" */;
			compatibilityVersion = "Xcode 9.3";
			developmentRegion = en;
			hasScannedForEncodings = 0;
			knownRegions = (
				en,
			);
			mainGroup = D264245322C11E7E00735B99;
			productRefGroup = D264245E22C11E7E00735B99 /* Products */;
			projectDirPath = "";
			projectRoot = "";
			targets = (
				D264245C22C11E7E00735B99 /* RecogLib-iOS */,
			);
		};
/* End PBXProject section */

/* Begin PBXResourcesBuildPhase section */
		D264245B22C11E7E00735B99 /* Resources */ = {
			isa = PBXResourcesBuildPhase;
			buildActionMask = 2147483647;
			files = (
				D2991D8D22C3B53A00CF40F4 /* models in Resources */,
			);
			runOnlyForDeploymentPostprocessing = 0;
		};
/* End PBXResourcesBuildPhase section */

/* Begin PBXSourcesBuildPhase section */
		D264245922C11E7E00735B99 /* Sources */ = {
			isa = PBXSourcesBuildPhase;
			buildActionMask = 2147483647;
			files = (
				D264246A22C11EC100735B99 /* RecogLibC.cpp in Sources */,
				D264299522C127AE00735B99 /* MatcherSample.cpp in Sources */,
				D296261122C265E0007B934C /* DocumentVerifier.swift in Sources */,
				D261289C22C38F0100942D8A /* CDocumentWrapper.cpp in Sources */,
				D264299322C127AE00735B99 /* FaceLivenessSample.cpp in Sources */,
			);
			runOnlyForDeploymentPostprocessing = 0;
		};
/* End PBXSourcesBuildPhase section */

/* Begin XCBuildConfiguration section */
		D264246322C11E7E00735B99 /* Debug */ = {
			isa = XCBuildConfiguration;
			buildSettings = {
				ALWAYS_SEARCH_USER_PATHS = NO;
				CLANG_ANALYZER_NONNULL = YES;
				CLANG_ANALYZER_NUMBER_OBJECT_CONVERSION = YES_AGGRESSIVE;
				CLANG_CXX_LANGUAGE_STANDARD = "gnu++17";
				CLANG_CXX_LIBRARY = "libc++";
				CLANG_ENABLE_MODULES = YES;
				CLANG_ENABLE_OBJC_ARC = YES;
				CLANG_ENABLE_OBJC_WEAK = YES;
				CLANG_WARN_BLOCK_CAPTURE_AUTORELEASING = YES;
				CLANG_WARN_BOOL_CONVERSION = YES;
				CLANG_WARN_COMMA = YES;
				CLANG_WARN_CONSTANT_CONVERSION = YES;
				CLANG_WARN_CXX0X_EXTENSIONS = NO;
				CLANG_WARN_DEPRECATED_OBJC_IMPLEMENTATIONS = YES;
				CLANG_WARN_DIRECT_OBJC_ISA_USAGE = YES_ERROR;
				CLANG_WARN_DOCUMENTATION_COMMENTS = YES;
				CLANG_WARN_EMPTY_BODY = YES;
				CLANG_WARN_ENUM_CONVERSION = YES;
				CLANG_WARN_INFINITE_RECURSION = YES;
				CLANG_WARN_INT_CONVERSION = YES;
				CLANG_WARN_NON_LITERAL_NULL_CONVERSION = YES;
				CLANG_WARN_OBJC_IMPLICIT_RETAIN_SELF = YES;
				CLANG_WARN_OBJC_LITERAL_CONVERSION = YES;
				CLANG_WARN_OBJC_ROOT_CLASS = YES_ERROR;
				CLANG_WARN_RANGE_LOOP_ANALYSIS = YES;
				CLANG_WARN_STRICT_PROTOTYPES = YES;
				CLANG_WARN_SUSPICIOUS_MOVE = YES;
				CLANG_WARN_UNGUARDED_AVAILABILITY = YES_AGGRESSIVE;
				CLANG_WARN_UNREACHABLE_CODE = YES;
				CLANG_WARN__DUPLICATE_METHOD_MATCH = YES;
				CODE_SIGN_IDENTITY = "iPhone Developer";
				COPY_PHASE_STRIP = NO;
				CURRENT_PROJECT_VERSION = 1;
				DEBUG_INFORMATION_FORMAT = dwarf;
				ENABLE_BITCODE = YES;
				ENABLE_STRICT_OBJC_MSGSEND = YES;
				ENABLE_TESTABILITY = YES;
				GCC_C_LANGUAGE_STANDARD = c99;
				GCC_DYNAMIC_NO_PIC = NO;
				GCC_INPUT_FILETYPE = sourcecode.cpp.cpp;
				GCC_NO_COMMON_BLOCKS = YES;
				GCC_OPTIMIZATION_LEVEL = 0;
				GCC_PREPROCESSOR_DEFINITIONS = (
					"DEBUG=1",
					"$(inherited)",
				);
				GCC_WARN_64_TO_32_BIT_CONVERSION = YES;
				GCC_WARN_ABOUT_RETURN_TYPE = YES_ERROR;
				GCC_WARN_UNDECLARED_SELECTOR = YES;
				GCC_WARN_UNINITIALIZED_AUTOS = YES_AGGRESSIVE;
				GCC_WARN_UNUSED_FUNCTION = YES;
				GCC_WARN_UNUSED_VARIABLE = YES;
				IPHONEOS_DEPLOYMENT_TARGET = 12.2;
				MTL_ENABLE_DEBUG_INFO = INCLUDE_SOURCE;
				MTL_FAST_MATH = YES;
				ONLY_ACTIVE_ARCH = YES;
				SDKROOT = iphoneos;
				SWIFT_ACTIVE_COMPILATION_CONDITIONS = DEBUG;
				SWIFT_OPTIMIZATION_LEVEL = "-Onone";
				VERSIONING_SYSTEM = "apple-generic";
				VERSION_INFO_PREFIX = "";
			};
			name = Debug;
		};
		D264246422C11E7E00735B99 /* Release */ = {
			isa = XCBuildConfiguration;
			buildSettings = {
				ALWAYS_SEARCH_USER_PATHS = NO;
				CLANG_ANALYZER_NONNULL = YES;
				CLANG_ANALYZER_NUMBER_OBJECT_CONVERSION = YES_AGGRESSIVE;
				CLANG_CXX_LANGUAGE_STANDARD = "gnu++17";
				CLANG_CXX_LIBRARY = "libc++";
				CLANG_ENABLE_MODULES = YES;
				CLANG_ENABLE_OBJC_ARC = YES;
				CLANG_ENABLE_OBJC_WEAK = YES;
				CLANG_WARN_BLOCK_CAPTURE_AUTORELEASING = YES;
				CLANG_WARN_BOOL_CONVERSION = YES;
				CLANG_WARN_COMMA = YES;
				CLANG_WARN_CONSTANT_CONVERSION = YES;
				CLANG_WARN_CXX0X_EXTENSIONS = NO;
				CLANG_WARN_DEPRECATED_OBJC_IMPLEMENTATIONS = YES;
				CLANG_WARN_DIRECT_OBJC_ISA_USAGE = YES_ERROR;
				CLANG_WARN_DOCUMENTATION_COMMENTS = YES;
				CLANG_WARN_EMPTY_BODY = YES;
				CLANG_WARN_ENUM_CONVERSION = YES;
				CLANG_WARN_INFINITE_RECURSION = YES;
				CLANG_WARN_INT_CONVERSION = YES;
				CLANG_WARN_NON_LITERAL_NULL_CONVERSION = YES;
				CLANG_WARN_OBJC_IMPLICIT_RETAIN_SELF = YES;
				CLANG_WARN_OBJC_LITERAL_CONVERSION = YES;
				CLANG_WARN_OBJC_ROOT_CLASS = YES_ERROR;
				CLANG_WARN_RANGE_LOOP_ANALYSIS = YES;
				CLANG_WARN_STRICT_PROTOTYPES = YES;
				CLANG_WARN_SUSPICIOUS_MOVE = YES;
				CLANG_WARN_UNGUARDED_AVAILABILITY = YES_AGGRESSIVE;
				CLANG_WARN_UNREACHABLE_CODE = YES;
				CLANG_WARN__DUPLICATE_METHOD_MATCH = YES;
				CODE_SIGN_IDENTITY = "iPhone Developer";
				COPY_PHASE_STRIP = NO;
				CURRENT_PROJECT_VERSION = 1;
				DEBUG_INFORMATION_FORMAT = "dwarf-with-dsym";
				ENABLE_BITCODE = YES;
				ENABLE_NS_ASSERTIONS = NO;
				ENABLE_STRICT_OBJC_MSGSEND = YES;
				GCC_C_LANGUAGE_STANDARD = c99;
				GCC_INPUT_FILETYPE = sourcecode.cpp.cpp;
				GCC_NO_COMMON_BLOCKS = YES;
				GCC_WARN_64_TO_32_BIT_CONVERSION = YES;
				GCC_WARN_ABOUT_RETURN_TYPE = YES_ERROR;
				GCC_WARN_UNDECLARED_SELECTOR = YES;
				GCC_WARN_UNINITIALIZED_AUTOS = YES_AGGRESSIVE;
				GCC_WARN_UNUSED_FUNCTION = YES;
				GCC_WARN_UNUSED_VARIABLE = YES;
				IPHONEOS_DEPLOYMENT_TARGET = 12.2;
				MTL_ENABLE_DEBUG_INFO = NO;
				MTL_FAST_MATH = YES;
				SDKROOT = iphoneos;
				SWIFT_COMPILATION_MODE = wholemodule;
				SWIFT_OPTIMIZATION_LEVEL = "-O";
				VALIDATE_PRODUCT = YES;
				VERSIONING_SYSTEM = "apple-generic";
				VERSION_INFO_PREFIX = "";
			};
			name = Release;
		};
		D264246622C11E7E00735B99 /* Debug */ = {
			isa = XCBuildConfiguration;
			buildSettings = {
				CLANG_CXX_LANGUAGE_STANDARD = "gnu++17";
				CLANG_ENABLE_MODULES = YES;
				CLANG_WARN_CXX0X_EXTENSIONS = YES;
				CODE_SIGN_IDENTITY = "";
				CODE_SIGN_STYLE = Automatic;
				DEFINES_MODULE = YES;
				DEVELOPMENT_TEAM = 74JP5VR8Y8;
				DYLIB_COMPATIBILITY_VERSION = 1;
				DYLIB_CURRENT_VERSION = 1;
				DYLIB_INSTALL_NAME_BASE = "@rpath";
				ENABLE_BITCODE = YES;
				FRAMEWORK_SEARCH_PATHS = (
					"$(inherited)",
					"$(PROJECT_DIR)",
					"$(PROJECT_DIR)/RecogLib-iOS",
				);
				GCC_CW_ASM_SYNTAX = YES;
				GCC_C_LANGUAGE_STANDARD = gnu99;
				GCC_INPUT_FILETYPE = sourcecode.cpp.cpp;
				INFOPLIST_FILE = "RecogLib-iOS/Info.plist";
				INSTALL_PATH = "$(LOCAL_LIBRARY_DIR)/Frameworks";
				IPHONEOS_DEPLOYMENT_TARGET = 11.0;
				LD_RUNPATH_SEARCH_PATHS = (
					"$(inherited)",
					"@executable_path/Frameworks",
					"@loader_path/Frameworks",
				);
				LIBRARY_SEARCH_PATHS = (
					"$(inherited)",
					"$(PROJECT_DIR)/RecogLib-iOS/thirdparty/lib",
				);
				ONLY_ACTIVE_ARCH = NO;
				PRODUCT_BUNDLE_IDENTIFIER = "com.mstana.RecogLib-iOS";
				PRODUCT_NAME = "$(TARGET_NAME:c99extidentifier)";
				SKIP_INSTALL = YES;
				SWIFT_OPTIMIZATION_LEVEL = "-Onone";
				SWIFT_VERSION = 5.0;
				TARGETED_DEVICE_FAMILY = "1,2";
			};
			name = Debug;
		};
		D264246722C11E7E00735B99 /* Release */ = {
			isa = XCBuildConfiguration;
			buildSettings = {
				CLANG_CXX_LANGUAGE_STANDARD = "gnu++17";
				CLANG_ENABLE_MODULES = YES;
				CLANG_WARN_CXX0X_EXTENSIONS = YES;
				CODE_SIGN_IDENTITY = "";
				CODE_SIGN_STYLE = Automatic;
				DEFINES_MODULE = YES;
				DEVELOPMENT_TEAM = 74JP5VR8Y8;
				DYLIB_COMPATIBILITY_VERSION = 1;
				DYLIB_CURRENT_VERSION = 1;
				DYLIB_INSTALL_NAME_BASE = "@rpath";
				ENABLE_BITCODE = YES;
				FRAMEWORK_SEARCH_PATHS = (
					"$(inherited)",
					"$(PROJECT_DIR)",
					"$(PROJECT_DIR)/RecogLib-iOS",
				);
				GCC_CW_ASM_SYNTAX = YES;
				GCC_C_LANGUAGE_STANDARD = gnu99;
				GCC_INPUT_FILETYPE = sourcecode.cpp.cpp;
				INFOPLIST_FILE = "RecogLib-iOS/Info.plist";
				INSTALL_PATH = "$(LOCAL_LIBRARY_DIR)/Frameworks";
				IPHONEOS_DEPLOYMENT_TARGET = 11.0;
				LD_RUNPATH_SEARCH_PATHS = (
					"$(inherited)",
					"@executable_path/Frameworks",
					"@loader_path/Frameworks",
				);
				LIBRARY_SEARCH_PATHS = (
					"$(inherited)",
					"$(PROJECT_DIR)/RecogLib-iOS/thirdparty/lib",
				);
				PRODUCT_BUNDLE_IDENTIFIER = "com.mstana.RecogLib-iOS";
				PRODUCT_NAME = "$(TARGET_NAME:c99extidentifier)";
				SKIP_INSTALL = YES;
				SWIFT_VERSION = 5.0;
				TARGETED_DEVICE_FAMILY = "1,2";
			};
			name = Release;
		};
/* End XCBuildConfiguration section */

/* Begin XCConfigurationList section */
		D264245722C11E7E00735B99 /* Build configuration list for PBXProject "RecogLib-iOS" */ = {
			isa = XCConfigurationList;
			buildConfigurations = (
				D264246322C11E7E00735B99 /* Debug */,
				D264246422C11E7E00735B99 /* Release */,
			);
			defaultConfigurationIsVisible = 0;
			defaultConfigurationName = Release;
		};
		D264246522C11E7E00735B99 /* Build configuration list for PBXNativeTarget "RecogLib-iOS" */ = {
			isa = XCConfigurationList;
			buildConfigurations = (
				D264246622C11E7E00735B99 /* Debug */,
				D264246722C11E7E00735B99 /* Release */,
			);
			defaultConfigurationIsVisible = 0;
			defaultConfigurationName = Release;
		};
/* End XCConfigurationList section */
	};
	rootObject = D264245422C11E7E00735B99 /* Project object */;
}
