// !$*UTF8*$!
{
	archiveVersion = 1;
	classes = {
	};
	objectVersion = 52;
	objects = {

/* Begin PBXBuildFile section */
		181AB22E26F9856C0081420D /* VerifierModels.swift in Sources */ = {isa = PBXBuildFile; fileRef = 181AB22D26F9856C0081420D /* VerifierModels.swift */; };
		181AB23026F985AB0081420D /* DocumentVerifierModels.swift in Sources */ = {isa = PBXBuildFile; fileRef = 181AB22F26F985AB0081420D /* DocumentVerifierModels.swift */; };
		181AB23226F993140081420D /* FaceVerifierModels.swift in Sources */ = {isa = PBXBuildFile; fileRef = 181AB23126F993140081420D /* FaceVerifierModels.swift */; };
		18953DAE26844C8B0077F976 /* CDocumentVerifierSettingsWrapper.cpp in Sources */ = {isa = PBXBuildFile; fileRef = 18953DAC26844C8B0077F976 /* CDocumentVerifierSettingsWrapper.cpp */; };
		18953DAF26844C8B0077F976 /* CDocumentVerifierSettingsWrapper.hpp in Headers */ = {isa = PBXBuildFile; fileRef = 18953DAD26844C8B0077F976 /* CDocumentVerifierSettingsWrapper.hpp */; settings = {ATTRIBUTES = (Public, ); }; };
		18953DB126844F6B0077F976 /* DocumentVerifierSettings.swift in Sources */ = {isa = PBXBuildFile; fileRef = 18953DB026844F6B0077F976 /* DocumentVerifierSettings.swift */; };
		18C1A3952680F4D80047FDD3 /* Document.swift in Sources */ = {isa = PBXBuildFile; fileRef = 18C1A3942680F4D80047FDD3 /* Document.swift */; };
		18C1A3972680FD1E0047FDD3 /* DocumentsInput.swift in Sources */ = {isa = PBXBuildFile; fileRef = 18C1A3962680FD1E0047FDD3 /* DocumentsInput.swift */; };
		18DBB22D26F9E4E8002FA296 /* LibZenid_iOS.xcframework in Frameworks */ = {isa = PBXBuildFile; fileRef = 18DBB22C26F9E4E8002FA296 /* LibZenid_iOS.xcframework */; };
		18DBB23126F9E4F6002FA296 /* RecogLibC.h in Headers */ = {isa = PBXBuildFile; fileRef = 18DBB23026F9E4F6002FA296 /* RecogLibC.h */; };
		18ED9F6726B2B46C00AFF48B /* CImageSignature.cpp in Sources */ = {isa = PBXBuildFile; fileRef = 18ED9F6526B2B46C00AFF48B /* CImageSignature.cpp */; };
		18ED9F6826B2B46C00AFF48B /* CImageSignature.hpp in Headers */ = {isa = PBXBuildFile; fileRef = 18ED9F6626B2B46C00AFF48B /* CImageSignature.hpp */; settings = {ATTRIBUTES = (Public, ); }; };
		18ED9F6A26B2B4A900AFF48B /* DocumentSignatureMapper.swift in Sources */ = {isa = PBXBuildFile; fileRef = 18ED9F6926B2B4A900AFF48B /* DocumentSignatureMapper.swift */; };
		18ED9F6C26B2B4BB00AFF48B /* ImageSignature.swift in Sources */ = {isa = PBXBuildFile; fileRef = 18ED9F6B26B2B4BB00AFF48B /* ImageSignature.swift */; };
		6F1A6A8B251B6DB40087CC0A /* CSelfieWrapper.cpp in Sources */ = {isa = PBXBuildFile; fileRef = 6F1A6A89251B6DB40087CC0A /* CSelfieWrapper.cpp */; };
		6F1A6A8C251B6DB40087CC0A /* CSelfieWrapper.hpp in Headers */ = {isa = PBXBuildFile; fileRef = 6F1A6A8A251B6DB40087CC0A /* CSelfieWrapper.hpp */; settings = {ATTRIBUTES = (Public, ); }; };
		6F1A6A8E251B98760087CC0A /* SelfieResult.swift in Sources */ = {isa = PBXBuildFile; fileRef = 6F1A6A8D251B98760087CC0A /* SelfieResult.swift */; };
		6F1A6A90251B98C30087CC0A /* SelfieVerifier.swift in Sources */ = {isa = PBXBuildFile; fileRef = 6F1A6A8F251B98C30087CC0A /* SelfieVerifier.swift */; };
		6F2CFC86247469AE005D2FB6 /* FaceLivenessVerifier.swift in Sources */ = {isa = PBXBuildFile; fileRef = 6F2CFC85247469AE005D2FB6 /* FaceLivenessVerifier.swift */; };
		6F2CFC89247471C5005D2FB6 /* CFaceLivenessWrapper.cpp in Sources */ = {isa = PBXBuildFile; fileRef = 6F2CFC87247471C5005D2FB6 /* CFaceLivenessWrapper.cpp */; };
		6F2CFC8A247471C5005D2FB6 /* CFaceLivenessWrapper.hpp in Headers */ = {isa = PBXBuildFile; fileRef = 6F2CFC88247471C5005D2FB6 /* CFaceLivenessWrapper.hpp */; settings = {ATTRIBUTES = (Public, ); }; };
		6F64016224C18125004A8982 /* FaceLivenessResult.swift in Sources */ = {isa = PBXBuildFile; fileRef = 6F64016124C18125004A8982 /* FaceLivenessResult.swift */; };
		6F6C26FB24B87F7F0073A2CA /* String+Extensions.swift in Sources */ = {isa = PBXBuildFile; fileRef = 6F6C26FA24B87F7F0073A2CA /* String+Extensions.swift */; };
		6F6C26FD24B87FD90073A2CA /* StringUtils.swift in Sources */ = {isa = PBXBuildFile; fileRef = 6F6C26FC24B87FD90073A2CA /* StringUtils.swift */; };
		6F6C270024B8805E0073A2CA /* CZenidSecurityWrapper.cpp in Sources */ = {isa = PBXBuildFile; fileRef = 6F6C26FE24B8805E0073A2CA /* CZenidSecurityWrapper.cpp */; };
		6F6C270124B8805E0073A2CA /* CZenidSecurityWrapper.hpp in Headers */ = {isa = PBXBuildFile; fileRef = 6F6C26FF24B8805E0073A2CA /* CZenidSecurityWrapper.hpp */; settings = {ATTRIBUTES = (Public, ); }; };
		6FE107AF24B0FAFE00610F8D /* HologramResult.swift in Sources */ = {isa = PBXBuildFile; fileRef = 6FE107AE24B0FAFE00610F8D /* HologramResult.swift */; };
		6FE107B724B29B1C00610F8D /* CUtils.cpp in Sources */ = {isa = PBXBuildFile; fileRef = 6FE107B524B29B1C00610F8D /* CUtils.cpp */; };
		6FE107B824B29B1C00610F8D /* CUtils.hpp in Headers */ = {isa = PBXBuildFile; fileRef = 6FE107B624B29B1C00610F8D /* CUtils.hpp */; };
		6FE1D5142612741D00529241 /* Logging.swift in Sources */ = {isa = PBXBuildFile; fileRef = 6FE1D5132612741D00529241 /* Logging.swift */; };
		6FF4F19624B88D6F00567B31 /* ZenidSecurity.swift in Sources */ = {isa = PBXBuildFile; fileRef = 6FF4F19524B88D6F00567B31 /* ZenidSecurity.swift */; };
		B009CF5422C4B01C00AA568C /* DocumentResult.swift in Sources */ = {isa = PBXBuildFile; fileRef = B009CF5322C4B01C00AA568C /* DocumentResult.swift */; };
		B051AFDB22CA48AA007AF46E /* Enums.swift in Sources */ = {isa = PBXBuildFile; fileRef = B051AFDA22CA48AA007AF46E /* Enums.swift */; };
		D2057F9022CB8B0800EE9EE2 /* CDocumentWrapper.hpp in Headers */ = {isa = PBXBuildFile; fileRef = D2057F8F22CB8B0700EE9EE2 /* CDocumentWrapper.hpp */; settings = {ATTRIBUTES = (Public, ); }; };
		D23D193E22C3C7D7004860F9 /* AssetsLibrary.framework in Frameworks */ = {isa = PBXBuildFile; fileRef = D296262622C36B81007B934C /* AssetsLibrary.framework */; };
		D261289C22C38F0100942D8A /* CDocumentWrapper.cpp in Sources */ = {isa = PBXBuildFile; fileRef = D261289A22C38F0100942D8A /* CDocumentWrapper.cpp */; };
		D264246222C11E7E00735B99 /* RecogLib_iOS.h in Headers */ = {isa = PBXBuildFile; fileRef = D264246022C11E7E00735B99 /* RecogLib_iOS.h */; settings = {ATTRIBUTES = (Public, ); }; };
		D296261122C265E0007B934C /* DocumentVerifier.swift in Sources */ = {isa = PBXBuildFile; fileRef = D296261022C265E0007B934C /* DocumentVerifier.swift */; };
		D2991DA922C3C6FD00CF40F4 /* libc++.tbd in Frameworks */ = {isa = PBXBuildFile; fileRef = D261289422C370C200942D8A /* libc++.tbd */; };
		D2BD780722C4EA25006D7974 /* CoreMedia.framework in Frameworks */ = {isa = PBXBuildFile; fileRef = D2BD780622C4EA24006D7974 /* CoreMedia.framework */; };
/* End PBXBuildFile section */

/* Begin PBXFileReference section */
		181AB22D26F9856C0081420D /* VerifierModels.swift */ = {isa = PBXFileReference; lastKnownFileType = sourcecode.swift; path = VerifierModels.swift; sourceTree = "<group>"; };
		181AB22F26F985AB0081420D /* DocumentVerifierModels.swift */ = {isa = PBXFileReference; lastKnownFileType = sourcecode.swift; path = DocumentVerifierModels.swift; sourceTree = "<group>"; };
		181AB23126F993140081420D /* FaceVerifierModels.swift */ = {isa = PBXFileReference; lastKnownFileType = sourcecode.swift; path = FaceVerifierModels.swift; sourceTree = "<group>"; };
		18953DAC26844C8B0077F976 /* CDocumentVerifierSettingsWrapper.cpp */ = {isa = PBXFileReference; lastKnownFileType = sourcecode.cpp.cpp; path = CDocumentVerifierSettingsWrapper.cpp; sourceTree = "<group>"; };
		18953DAD26844C8B0077F976 /* CDocumentVerifierSettingsWrapper.hpp */ = {isa = PBXFileReference; lastKnownFileType = sourcecode.cpp.h; path = CDocumentVerifierSettingsWrapper.hpp; sourceTree = "<group>"; };
		18953DB026844F6B0077F976 /* DocumentVerifierSettings.swift */ = {isa = PBXFileReference; lastKnownFileType = sourcecode.swift; path = DocumentVerifierSettings.swift; sourceTree = "<group>"; };
		18C1A3942680F4D80047FDD3 /* Document.swift */ = {isa = PBXFileReference; lastKnownFileType = sourcecode.swift; path = Document.swift; sourceTree = "<group>"; };
		18C1A3962680FD1E0047FDD3 /* DocumentsInput.swift */ = {isa = PBXFileReference; lastKnownFileType = sourcecode.swift; path = DocumentsInput.swift; sourceTree = "<group>"; };
		18DBB22326F9DAD8002FA296 /* LibZenid.xcframework */ = {isa = PBXFileReference; lastKnownFileType = wrapper.xcframework; path = LibZenid.xcframework; sourceTree = "<group>"; };
		18DBB22C26F9E4E8002FA296 /* LibZenid_iOS.xcframework */ = {isa = PBXFileReference; lastKnownFileType = wrapper.xcframework; path = LibZenid_iOS.xcframework; sourceTree = "<group>"; };
		18DBB23026F9E4F6002FA296 /* RecogLibC.h */ = {isa = PBXFileReference; fileEncoding = 4; lastKnownFileType = sourcecode.c.h; name = RecogLibC.h; path = "LibZenid_iOS.xcframework/ios-arm64/LibZenid_iOS.framework/Headers/RecogLibC.h"; sourceTree = "<group>"; };
		18ED9F6526B2B46C00AFF48B /* CImageSignature.cpp */ = {isa = PBXFileReference; lastKnownFileType = sourcecode.cpp.cpp; path = CImageSignature.cpp; sourceTree = "<group>"; };
		18ED9F6626B2B46C00AFF48B /* CImageSignature.hpp */ = {isa = PBXFileReference; lastKnownFileType = sourcecode.cpp.h; path = CImageSignature.hpp; sourceTree = "<group>"; };
		18ED9F6926B2B4A900AFF48B /* DocumentSignatureMapper.swift */ = {isa = PBXFileReference; lastKnownFileType = sourcecode.swift; path = DocumentSignatureMapper.swift; sourceTree = "<group>"; };
		18ED9F6B26B2B4BB00AFF48B /* ImageSignature.swift */ = {isa = PBXFileReference; fileEncoding = 4; lastKnownFileType = sourcecode.swift; path = ImageSignature.swift; sourceTree = "<group>"; };
		6F1A6A89251B6DB40087CC0A /* CSelfieWrapper.cpp */ = {isa = PBXFileReference; fileEncoding = 4; lastKnownFileType = sourcecode.cpp.cpp; path = CSelfieWrapper.cpp; sourceTree = "<group>"; };
		6F1A6A8A251B6DB40087CC0A /* CSelfieWrapper.hpp */ = {isa = PBXFileReference; fileEncoding = 4; lastKnownFileType = sourcecode.cpp.h; path = CSelfieWrapper.hpp; sourceTree = "<group>"; };
		6F1A6A8D251B98760087CC0A /* SelfieResult.swift */ = {isa = PBXFileReference; lastKnownFileType = sourcecode.swift; path = SelfieResult.swift; sourceTree = "<group>"; };
		6F1A6A8F251B98C30087CC0A /* SelfieVerifier.swift */ = {isa = PBXFileReference; lastKnownFileType = sourcecode.swift; path = SelfieVerifier.swift; sourceTree = "<group>"; };
		6F2CFC85247469AE005D2FB6 /* FaceLivenessVerifier.swift */ = {isa = PBXFileReference; lastKnownFileType = sourcecode.swift; path = FaceLivenessVerifier.swift; sourceTree = "<group>"; };
		6F2CFC87247471C5005D2FB6 /* CFaceLivenessWrapper.cpp */ = {isa = PBXFileReference; fileEncoding = 4; lastKnownFileType = sourcecode.cpp.cpp; path = CFaceLivenessWrapper.cpp; sourceTree = "<group>"; };
		6F2CFC88247471C5005D2FB6 /* CFaceLivenessWrapper.hpp */ = {isa = PBXFileReference; fileEncoding = 4; lastKnownFileType = sourcecode.cpp.h; path = CFaceLivenessWrapper.hpp; sourceTree = "<group>"; };
		6F64016124C18125004A8982 /* FaceLivenessResult.swift */ = {isa = PBXFileReference; lastKnownFileType = sourcecode.swift; path = FaceLivenessResult.swift; sourceTree = "<group>"; };
		6F6C26FA24B87F7F0073A2CA /* String+Extensions.swift */ = {isa = PBXFileReference; lastKnownFileType = sourcecode.swift; path = "String+Extensions.swift"; sourceTree = "<group>"; };
		6F6C26FC24B87FD90073A2CA /* StringUtils.swift */ = {isa = PBXFileReference; lastKnownFileType = sourcecode.swift; path = StringUtils.swift; sourceTree = "<group>"; };
		6F6C26FE24B8805E0073A2CA /* CZenidSecurityWrapper.cpp */ = {isa = PBXFileReference; fileEncoding = 4; lastKnownFileType = sourcecode.cpp.cpp; path = CZenidSecurityWrapper.cpp; sourceTree = "<group>"; };
		6F6C26FF24B8805E0073A2CA /* CZenidSecurityWrapper.hpp */ = {isa = PBXFileReference; fileEncoding = 4; lastKnownFileType = sourcecode.cpp.h; path = CZenidSecurityWrapper.hpp; sourceTree = "<group>"; };
		6F7EAC5324B88616001396F9 /* LibZenid_iOS.framework */ = {isa = PBXFileReference; explicitFileType = wrapper.framework; path = LibZenid_iOS.framework; sourceTree = "<group>"; };
		6FE107AE24B0FAFE00610F8D /* HologramResult.swift */ = {isa = PBXFileReference; lastKnownFileType = sourcecode.swift; path = HologramResult.swift; sourceTree = "<group>"; };
		6FE107B524B29B1C00610F8D /* CUtils.cpp */ = {isa = PBXFileReference; lastKnownFileType = sourcecode.cpp.cpp; path = CUtils.cpp; sourceTree = "<group>"; };
		6FE107B624B29B1C00610F8D /* CUtils.hpp */ = {isa = PBXFileReference; lastKnownFileType = sourcecode.cpp.h; path = CUtils.hpp; sourceTree = "<group>"; };
		6FE1D5132612741D00529241 /* Logging.swift */ = {isa = PBXFileReference; lastKnownFileType = sourcecode.swift; path = Logging.swift; sourceTree = "<group>"; };
		6FF4F19524B88D6F00567B31 /* ZenidSecurity.swift */ = {isa = PBXFileReference; lastKnownFileType = sourcecode.swift; path = ZenidSecurity.swift; sourceTree = "<group>"; };
		B009CF5322C4B01C00AA568C /* DocumentResult.swift */ = {isa = PBXFileReference; lastKnownFileType = sourcecode.swift; path = DocumentResult.swift; sourceTree = "<group>"; };
		B051AFDA22CA48AA007AF46E /* Enums.swift */ = {isa = PBXFileReference; lastKnownFileType = sourcecode.swift; path = Enums.swift; sourceTree = "<group>"; };
		D2057F8F22CB8B0700EE9EE2 /* CDocumentWrapper.hpp */ = {isa = PBXFileReference; fileEncoding = 4; lastKnownFileType = sourcecode.cpp.h; path = CDocumentWrapper.hpp; sourceTree = "<group>"; };
		D261288C22C3701F00942D8A /* CoreVideo.framework */ = {isa = PBXFileReference; lastKnownFileType = wrapper.framework; name = CoreVideo.framework; path = System/Library/Frameworks/CoreVideo.framework; sourceTree = SDKROOT; };
		D261289422C370C200942D8A /* libc++.tbd */ = {isa = PBXFileReference; lastKnownFileType = "sourcecode.text-based-dylib-definition"; name = "libc++.tbd"; path = "usr/lib/libc++.tbd"; sourceTree = SDKROOT; };
		D261289A22C38F0100942D8A /* CDocumentWrapper.cpp */ = {isa = PBXFileReference; fileEncoding = 4; lastKnownFileType = sourcecode.cpp.cpp; path = CDocumentWrapper.cpp; sourceTree = "<group>"; };
		D264245D22C11E7E00735B99 /* RecogLib_iOS.framework */ = {isa = PBXFileReference; explicitFileType = wrapper.framework; includeInIndex = 0; path = RecogLib_iOS.framework; sourceTree = BUILT_PRODUCTS_DIR; };
		D264246022C11E7E00735B99 /* RecogLib_iOS.h */ = {isa = PBXFileReference; lastKnownFileType = sourcecode.c.h; path = RecogLib_iOS.h; sourceTree = "<group>"; };
		D264246122C11E7E00735B99 /* Info.plist */ = {isa = PBXFileReference; lastKnownFileType = text.plist.xml; path = Info.plist; sourceTree = "<group>"; };
		D296261022C265E0007B934C /* DocumentVerifier.swift */ = {isa = PBXFileReference; lastKnownFileType = sourcecode.swift; path = DocumentVerifier.swift; sourceTree = "<group>"; };
		D296261E22C3631F007B934C /* AVFoundation.framework */ = {isa = PBXFileReference; lastKnownFileType = wrapper.framework; name = AVFoundation.framework; path = System/Library/Frameworks/AVFoundation.framework; sourceTree = SDKROOT; };
		D296262622C36B81007B934C /* AssetsLibrary.framework */ = {isa = PBXFileReference; lastKnownFileType = wrapper.framework; name = AssetsLibrary.framework; path = System/Library/Frameworks/AssetsLibrary.framework; sourceTree = SDKROOT; };
		D2BD780622C4EA24006D7974 /* CoreMedia.framework */ = {isa = PBXFileReference; lastKnownFileType = wrapper.framework; name = CoreMedia.framework; path = System/Library/Frameworks/CoreMedia.framework; sourceTree = SDKROOT; };
/* End PBXFileReference section */

/* Begin PBXFrameworksBuildPhase section */
		D264245A22C11E7E00735B99 /* Frameworks */ = {
			isa = PBXFrameworksBuildPhase;
			buildActionMask = 2147483647;
			files = (
				D2BD780722C4EA25006D7974 /* CoreMedia.framework in Frameworks */,
				D23D193E22C3C7D7004860F9 /* AssetsLibrary.framework in Frameworks */,
				18DBB22D26F9E4E8002FA296 /* LibZenid_iOS.xcframework in Frameworks */,
				D2991DA922C3C6FD00CF40F4 /* libc++.tbd in Frameworks */,
			);
			runOnlyForDeploymentPostprocessing = 0;
		};
/* End PBXFrameworksBuildPhase section */

/* Begin PBXGroup section */
		6F6C26F724B87F410073A2CA /* SDK */ = {
			isa = PBXGroup;
			children = (
				6FE1D5122612740A00529241 /* App */,
				6F6C26F824B87F5C0073A2CA /* Extensions */,
				6F6C26F924B87F680073A2CA /* Utils */,
				B051AFDA22CA48AA007AF46E /* Enums.swift */,
				B009CF5322C4B01C00AA568C /* DocumentResult.swift */,
				6FE107AE24B0FAFE00610F8D /* HologramResult.swift */,
				6F64016124C18125004A8982 /* FaceLivenessResult.swift */,
				6F1A6A8D251B98760087CC0A /* SelfieResult.swift */,
				D296261022C265E0007B934C /* DocumentVerifier.swift */,
				18953DB026844F6B0077F976 /* DocumentVerifierSettings.swift */,
				6F2CFC85247469AE005D2FB6 /* FaceLivenessVerifier.swift */,
				6F1A6A8F251B98C30087CC0A /* SelfieVerifier.swift */,
				6FF4F19524B88D6F00567B31 /* ZenidSecurity.swift */,
				18C1A3942680F4D80047FDD3 /* Document.swift */,
				18ED9F6B26B2B4BB00AFF48B /* ImageSignature.swift */,
				18C1A3962680FD1E0047FDD3 /* DocumentsInput.swift */,
				18ED9F6926B2B4A900AFF48B /* DocumentSignatureMapper.swift */,
				181AB22D26F9856C0081420D /* VerifierModels.swift */,
				181AB22F26F985AB0081420D /* DocumentVerifierModels.swift */,
				181AB23126F993140081420D /* FaceVerifierModels.swift */,
			);
			path = SDK;
			sourceTree = "<group>";
		};
		6F6C26F824B87F5C0073A2CA /* Extensions */ = {
			isa = PBXGroup;
			children = (
				6F6C26FA24B87F7F0073A2CA /* String+Extensions.swift */,
			);
			path = Extensions;
			sourceTree = "<group>";
		};
		6F6C26F924B87F680073A2CA /* Utils */ = {
			isa = PBXGroup;
			children = (
				6F6C26FC24B87FD90073A2CA /* StringUtils.swift */,
			);
			path = Utils;
			sourceTree = "<group>";
		};
		6FE1D5122612740A00529241 /* App */ = {
			isa = PBXGroup;
			children = (
				6FE1D5132612741D00529241 /* Logging.swift */,
			);
			path = App;
			sourceTree = "<group>";
		};
		D264245322C11E7E00735B99 = {
			isa = PBXGroup;
			children = (
				18DBB23026F9E4F6002FA296 /* RecogLibC.h */,
				D264245F22C11E7E00735B99 /* RecogLib-iOS */,
				D264245E22C11E7E00735B99 /* Products */,
				D264249022C1210000735B99 /* Frameworks */,
			);
			sourceTree = "<group>";
		};
		D264245E22C11E7E00735B99 /* Products */ = {
			isa = PBXGroup;
			children = (
				D264245D22C11E7E00735B99 /* RecogLib_iOS.framework */,
			);
			name = Products;
			sourceTree = "<group>";
		};
		D264245F22C11E7E00735B99 /* RecogLib-iOS */ = {
			isa = PBXGroup;
			children = (
				6F6C26F724B87F410073A2CA /* SDK */,
				D264246022C11E7E00735B99 /* RecogLib_iOS.h */,
				6FE107B624B29B1C00610F8D /* CUtils.hpp */,
				6FE107B524B29B1C00610F8D /* CUtils.cpp */,
				18ED9F6626B2B46C00AFF48B /* CImageSignature.hpp */,
				18ED9F6526B2B46C00AFF48B /* CImageSignature.cpp */,
				D2057F8F22CB8B0700EE9EE2 /* CDocumentWrapper.hpp */,
				D261289A22C38F0100942D8A /* CDocumentWrapper.cpp */,
				18953DAD26844C8B0077F976 /* CDocumentVerifierSettingsWrapper.hpp */,
				18953DAC26844C8B0077F976 /* CDocumentVerifierSettingsWrapper.cpp */,
				6F2CFC88247471C5005D2FB6 /* CFaceLivenessWrapper.hpp */,
				6F2CFC87247471C5005D2FB6 /* CFaceLivenessWrapper.cpp */,
				6F1A6A8A251B6DB40087CC0A /* CSelfieWrapper.hpp */,
				6F1A6A89251B6DB40087CC0A /* CSelfieWrapper.cpp */,
				6F6C26FF24B8805E0073A2CA /* CZenidSecurityWrapper.hpp */,
				6F6C26FE24B8805E0073A2CA /* CZenidSecurityWrapper.cpp */,
				D264246122C11E7E00735B99 /* Info.plist */,
			);
			path = "RecogLib-iOS";
			sourceTree = "<group>";
		};
		D264249022C1210000735B99 /* Frameworks */ = {
			isa = PBXGroup;
			children = (
				18DBB22C26F9E4E8002FA296 /* LibZenid_iOS.xcframework */,
				18DBB22326F9DAD8002FA296 /* LibZenid.xcframework */,
				6F7EAC5324B88616001396F9 /* LibZenid_iOS.framework */,
				D2BD780622C4EA24006D7974 /* CoreMedia.framework */,
				D261289422C370C200942D8A /* libc++.tbd */,
				D261288C22C3701F00942D8A /* CoreVideo.framework */,
				D296262622C36B81007B934C /* AssetsLibrary.framework */,
				D296261E22C3631F007B934C /* AVFoundation.framework */,
			);
			name = Frameworks;
			sourceTree = "<group>";
		};
/* End PBXGroup section */

/* Begin PBXHeadersBuildPhase section */
		D264245822C11E7E00735B99 /* Headers */ = {
			isa = PBXHeadersBuildPhase;
			buildActionMask = 2147483647;
			files = (
				6F1A6A8C251B6DB40087CC0A /* CSelfieWrapper.hpp in Headers */,
				18ED9F6826B2B46C00AFF48B /* CImageSignature.hpp in Headers */,
				18953DAF26844C8B0077F976 /* CDocumentVerifierSettingsWrapper.hpp in Headers */,
				D2057F9022CB8B0800EE9EE2 /* CDocumentWrapper.hpp in Headers */,
				D264246222C11E7E00735B99 /* RecogLib_iOS.h in Headers */,
				6FE107B824B29B1C00610F8D /* CUtils.hpp in Headers */,
				18DBB23126F9E4F6002FA296 /* RecogLibC.h in Headers */,
				6F6C270124B8805E0073A2CA /* CZenidSecurityWrapper.hpp in Headers */,
				6F2CFC8A247471C5005D2FB6 /* CFaceLivenessWrapper.hpp in Headers */,
			);
			runOnlyForDeploymentPostprocessing = 0;
		};
/* End PBXHeadersBuildPhase section */

/* Begin PBXNativeTarget section */
		D264245C22C11E7E00735B99 /* RecogLib-iOS */ = {
			isa = PBXNativeTarget;
			buildConfigurationList = D264246522C11E7E00735B99 /* Build configuration list for PBXNativeTarget "RecogLib-iOS" */;
			buildPhases = (
				D264245822C11E7E00735B99 /* Headers */,
				D264245922C11E7E00735B99 /* Sources */,
				D264245A22C11E7E00735B99 /* Frameworks */,
				D264245B22C11E7E00735B99 /* Resources */,
			);
			buildRules = (
			);
			dependencies = (
			);
			name = "RecogLib-iOS";
			productName = "RecogLib-iOS";
			productReference = D264245D22C11E7E00735B99 /* RecogLib_iOS.framework */;
			productType = "com.apple.product-type.framework";
		};
/* End PBXNativeTarget section */

/* Begin PBXProject section */
		D264245422C11E7E00735B99 /* Project object */ = {
			isa = PBXProject;
			attributes = {
				LastUpgradeCheck = 1200;
				ORGANIZATIONNAME = "Marek Stana";
				TargetAttributes = {
					D264245C22C11E7E00735B99 = {
						CreatedOnToolsVersion = 10.2.1;
						LastSwiftMigration = 1020;
					};
				};
			};
			buildConfigurationList = D264245722C11E7E00735B99 /* Build configuration list for PBXProject "RecogLib-iOS" */;
			compatibilityVersion = "Xcode 9.3";
			developmentRegion = en;
			hasScannedForEncodings = 0;
			knownRegions = (
				en,
				Base,
			);
			mainGroup = D264245322C11E7E00735B99;
			productRefGroup = D264245E22C11E7E00735B99 /* Products */;
			projectDirPath = "";
			projectRoot = "";
			targets = (
				D264245C22C11E7E00735B99 /* RecogLib-iOS */,
			);
		};
/* End PBXProject section */

/* Begin PBXResourcesBuildPhase section */
		D264245B22C11E7E00735B99 /* Resources */ = {
			isa = PBXResourcesBuildPhase;
			buildActionMask = 2147483647;
			files = (
			);
			runOnlyForDeploymentPostprocessing = 0;
		};
/* End PBXResourcesBuildPhase section */

/* Begin PBXSourcesBuildPhase section */
		D264245922C11E7E00735B99 /* Sources */ = {
			isa = PBXSourcesBuildPhase;
			buildActionMask = 2147483647;
			files = (
				6F64016224C18125004A8982 /* FaceLivenessResult.swift in Sources */,
				6F1A6A8B251B6DB40087CC0A /* CSelfieWrapper.cpp in Sources */,
				18ED9F6A26B2B4A900AFF48B /* DocumentSignatureMapper.swift in Sources */,
				6FF4F19624B88D6F00567B31 /* ZenidSecurity.swift in Sources */,
				6F1A6A90251B98C30087CC0A /* SelfieVerifier.swift in Sources */,
				6F6C26FB24B87F7F0073A2CA /* String+Extensions.swift in Sources */,
				6F2CFC86247469AE005D2FB6 /* FaceLivenessVerifier.swift in Sources */,
				D296261122C265E0007B934C /* DocumentVerifier.swift in Sources */,
				6FE107B724B29B1C00610F8D /* CUtils.cpp in Sources */,
				6FE1D5142612741D00529241 /* Logging.swift in Sources */,
				18953DB126844F6B0077F976 /* DocumentVerifierSettings.swift in Sources */,
				18953DAE26844C8B0077F976 /* CDocumentVerifierSettingsWrapper.cpp in Sources */,
				6F2CFC89247471C5005D2FB6 /* CFaceLivenessWrapper.cpp in Sources */,
				18ED9F6726B2B46C00AFF48B /* CImageSignature.cpp in Sources */,
				D261289C22C38F0100942D8A /* CDocumentWrapper.cpp in Sources */,
				B051AFDB22CA48AA007AF46E /* Enums.swift in Sources */,
				18C1A3972680FD1E0047FDD3 /* DocumentsInput.swift in Sources */,
				B009CF5422C4B01C00AA568C /* DocumentResult.swift in Sources */,
				181AB23026F985AB0081420D /* DocumentVerifierModels.swift in Sources */,
				6F6C270024B8805E0073A2CA /* CZenidSecurityWrapper.cpp in Sources */,
				181AB22E26F9856C0081420D /* VerifierModels.swift in Sources */,
				18C1A3952680F4D80047FDD3 /* Document.swift in Sources */,
				18ED9F6C26B2B4BB00AFF48B /* ImageSignature.swift in Sources */,
				6F1A6A8E251B98760087CC0A /* SelfieResult.swift in Sources */,
				6F6C26FD24B87FD90073A2CA /* StringUtils.swift in Sources */,
				6FE107AF24B0FAFE00610F8D /* HologramResult.swift in Sources */,
				181AB23226F993140081420D /* FaceVerifierModels.swift in Sources */,
			);
			runOnlyForDeploymentPostprocessing = 0;
		};
/* End PBXSourcesBuildPhase section */

/* Begin XCBuildConfiguration section */
		D264246322C11E7E00735B99 /* Debug */ = {
			isa = XCBuildConfiguration;
			buildSettings = {
				ALWAYS_SEARCH_USER_PATHS = NO;
				BITCODE_GENERATION_MODE = bitcode;
				BUILD_LIBRARY_FOR_DISTRIBUTION = YES;
				CLANG_ANALYZER_NONNULL = YES;
				CLANG_ANALYZER_NUMBER_OBJECT_CONVERSION = YES_AGGRESSIVE;
				CLANG_CXX_LANGUAGE_STANDARD = "gnu++17";
				CLANG_CXX_LIBRARY = "libc++";
				CLANG_ENABLE_MODULES = YES;
				CLANG_ENABLE_OBJC_ARC = YES;
				CLANG_ENABLE_OBJC_WEAK = YES;
				CLANG_WARN_BLOCK_CAPTURE_AUTORELEASING = YES;
				CLANG_WARN_BOOL_CONVERSION = YES;
				CLANG_WARN_COMMA = YES;
				CLANG_WARN_CONSTANT_CONVERSION = YES;
				CLANG_WARN_CXX0X_EXTENSIONS = NO;
				CLANG_WARN_DEPRECATED_OBJC_IMPLEMENTATIONS = YES;
				CLANG_WARN_DIRECT_OBJC_ISA_USAGE = YES_ERROR;
				CLANG_WARN_DOCUMENTATION_COMMENTS = YES;
				CLANG_WARN_EMPTY_BODY = YES;
				CLANG_WARN_ENUM_CONVERSION = YES;
				CLANG_WARN_INFINITE_RECURSION = YES;
				CLANG_WARN_INT_CONVERSION = YES;
				CLANG_WARN_NON_LITERAL_NULL_CONVERSION = YES;
				CLANG_WARN_OBJC_IMPLICIT_RETAIN_SELF = YES;
				CLANG_WARN_OBJC_LITERAL_CONVERSION = YES;
				CLANG_WARN_OBJC_ROOT_CLASS = YES_ERROR;
				CLANG_WARN_QUOTED_INCLUDE_IN_FRAMEWORK_HEADER = YES;
				CLANG_WARN_RANGE_LOOP_ANALYSIS = YES;
				CLANG_WARN_STRICT_PROTOTYPES = YES;
				CLANG_WARN_SUSPICIOUS_MOVE = YES;
				CLANG_WARN_UNGUARDED_AVAILABILITY = YES_AGGRESSIVE;
				CLANG_WARN_UNREACHABLE_CODE = YES;
				CLANG_WARN__DUPLICATE_METHOD_MATCH = YES;
				CODE_SIGN_IDENTITY = "iPhone Developer";
				COPY_PHASE_STRIP = NO;
				CURRENT_PROJECT_VERSION = 1;
				DEBUG_INFORMATION_FORMAT = dwarf;
				ENABLE_BITCODE = YES;
				ENABLE_STRICT_OBJC_MSGSEND = YES;
				ENABLE_TESTABILITY = YES;
				GCC_C_LANGUAGE_STANDARD = c99;
				GCC_DYNAMIC_NO_PIC = NO;
				GCC_INPUT_FILETYPE = sourcecode.cpp.cpp;
				GCC_NO_COMMON_BLOCKS = YES;
				GCC_OPTIMIZATION_LEVEL = 0;
				GCC_PREPROCESSOR_DEFINITIONS = (
					"DEBUG=1",
					"$(inherited)",
				);
				GCC_WARN_64_TO_32_BIT_CONVERSION = YES;
				GCC_WARN_ABOUT_RETURN_TYPE = YES_ERROR;
				GCC_WARN_UNDECLARED_SELECTOR = YES;
				GCC_WARN_UNINITIALIZED_AUTOS = YES_AGGRESSIVE;
				GCC_WARN_UNUSED_FUNCTION = YES;
				GCC_WARN_UNUSED_VARIABLE = YES;
				IPHONEOS_DEPLOYMENT_TARGET = 11.0;
				MTL_ENABLE_DEBUG_INFO = INCLUDE_SOURCE;
				MTL_FAST_MATH = YES;
				ONLY_ACTIVE_ARCH = YES;
				SDKROOT = iphoneos;
				SWIFT_ACTIVE_COMPILATION_CONDITIONS = DEBUG;
				SWIFT_OPTIMIZATION_LEVEL = "-Onone";
				VERSIONING_SYSTEM = "apple-generic";
				VERSION_INFO_PREFIX = "";
			};
			name = Debug;
		};
		D264246422C11E7E00735B99 /* Release */ = {
			isa = XCBuildConfiguration;
			buildSettings = {
				ALWAYS_SEARCH_USER_PATHS = NO;
				BITCODE_GENERATION_MODE = bitcode;
				BUILD_LIBRARY_FOR_DISTRIBUTION = YES;
				CLANG_ANALYZER_NONNULL = YES;
				CLANG_ANALYZER_NUMBER_OBJECT_CONVERSION = YES_AGGRESSIVE;
				CLANG_CXX_LANGUAGE_STANDARD = "gnu++17";
				CLANG_CXX_LIBRARY = "libc++";
				CLANG_ENABLE_MODULES = YES;
				CLANG_ENABLE_OBJC_ARC = YES;
				CLANG_ENABLE_OBJC_WEAK = YES;
				CLANG_WARN_BLOCK_CAPTURE_AUTORELEASING = YES;
				CLANG_WARN_BOOL_CONVERSION = YES;
				CLANG_WARN_COMMA = YES;
				CLANG_WARN_CONSTANT_CONVERSION = YES;
				CLANG_WARN_CXX0X_EXTENSIONS = NO;
				CLANG_WARN_DEPRECATED_OBJC_IMPLEMENTATIONS = YES;
				CLANG_WARN_DIRECT_OBJC_ISA_USAGE = YES_ERROR;
				CLANG_WARN_DOCUMENTATION_COMMENTS = YES;
				CLANG_WARN_EMPTY_BODY = YES;
				CLANG_WARN_ENUM_CONVERSION = YES;
				CLANG_WARN_INFINITE_RECURSION = YES;
				CLANG_WARN_INT_CONVERSION = YES;
				CLANG_WARN_NON_LITERAL_NULL_CONVERSION = YES;
				CLANG_WARN_OBJC_IMPLICIT_RETAIN_SELF = YES;
				CLANG_WARN_OBJC_LITERAL_CONVERSION = YES;
				CLANG_WARN_OBJC_ROOT_CLASS = YES_ERROR;
				CLANG_WARN_QUOTED_INCLUDE_IN_FRAMEWORK_HEADER = YES;
				CLANG_WARN_RANGE_LOOP_ANALYSIS = YES;
				CLANG_WARN_STRICT_PROTOTYPES = YES;
				CLANG_WARN_SUSPICIOUS_MOVE = YES;
				CLANG_WARN_UNGUARDED_AVAILABILITY = YES_AGGRESSIVE;
				CLANG_WARN_UNREACHABLE_CODE = YES;
				CLANG_WARN__DUPLICATE_METHOD_MATCH = YES;
				CODE_SIGN_IDENTITY = "iPhone Developer";
				COPY_PHASE_STRIP = NO;
				CURRENT_PROJECT_VERSION = 1;
				DEBUG_INFORMATION_FORMAT = "dwarf-with-dsym";
				ENABLE_BITCODE = YES;
				ENABLE_NS_ASSERTIONS = NO;
				ENABLE_STRICT_OBJC_MSGSEND = YES;
				GCC_C_LANGUAGE_STANDARD = c99;
				GCC_INPUT_FILETYPE = sourcecode.cpp.cpp;
				GCC_NO_COMMON_BLOCKS = YES;
				GCC_WARN_64_TO_32_BIT_CONVERSION = YES;
				GCC_WARN_ABOUT_RETURN_TYPE = YES_ERROR;
				GCC_WARN_UNDECLARED_SELECTOR = YES;
				GCC_WARN_UNINITIALIZED_AUTOS = YES_AGGRESSIVE;
				GCC_WARN_UNUSED_FUNCTION = YES;
				GCC_WARN_UNUSED_VARIABLE = YES;
				IPHONEOS_DEPLOYMENT_TARGET = 11.0;
				MTL_ENABLE_DEBUG_INFO = NO;
				MTL_FAST_MATH = YES;
				SDKROOT = iphoneos;
				SWIFT_COMPILATION_MODE = wholemodule;
				SWIFT_OPTIMIZATION_LEVEL = "-O";
				VALIDATE_PRODUCT = YES;
				VERSIONING_SYSTEM = "apple-generic";
				VERSION_INFO_PREFIX = "";
			};
			name = Release;
		};
		D264246622C11E7E00735B99 /* Debug */ = {
			isa = XCBuildConfiguration;
			buildSettings = {
				BUILD_LIBRARY_FOR_DISTRIBUTION = YES;
				CLANG_ALLOW_NON_MODULAR_INCLUDES_IN_FRAMEWORK_MODULES = NO;
				CLANG_CXX_LANGUAGE_STANDARD = "gnu++17";
				CLANG_ENABLE_CODE_COVERAGE = YES;
				CLANG_ENABLE_MODULES = YES;
				CLANG_WARN_CXX0X_EXTENSIONS = YES;
				CODE_SIGN_IDENTITY = "";
				CODE_SIGN_STYLE = Automatic;
				CURRENT_PROJECT_VERSION = 6;
				DEFINES_MODULE = YES;
				DEVELOPMENT_TEAM = FQAZ2Y87Y2;
				DYLIB_COMPATIBILITY_VERSION = 1;
				DYLIB_CURRENT_VERSION = 1;
				DYLIB_INSTALL_NAME_BASE = "@rpath";
				ENABLE_BITCODE = YES;
				FRAMEWORK_SEARCH_PATHS = (
					"$(inherited)",
					"$(PROJECT_DIR)",
					"$(PROJECT_DIR)/RecogLib-iOS",
				);
				GCC_CW_ASM_SYNTAX = YES;
				GCC_C_LANGUAGE_STANDARD = gnu11;
				GCC_INPUT_FILETYPE = automatic;
				GCC_PREPROCESSOR_DEFINITIONS = (
					"$(inherited)",
					"NO_OPENCV=1",
				);
				HEADER_SEARCH_PATHS = "${SOURCE_ROOT}/LibZenid_iOS/Headers";
				INFOPLIST_FILE = "RecogLib-iOS/Info.plist";
				INSTALL_PATH = "$(LOCAL_LIBRARY_DIR)/Frameworks";
				IPHONEOS_DEPLOYMENT_TARGET = 11.0;
				LD_RUNPATH_SEARCH_PATHS = (
					"$(inherited)",
					"@executable_path/Frameworks",
					"@loader_path/Frameworks",
				);
				LIBRARY_SEARCH_PATHS = "$(inherited)";
				MARKETING_VERSION = 1.7.0;
				ONLY_ACTIVE_ARCH = YES;
				OTHER_CPLUSPLUSFLAGS = "$(OTHER_CFLAGS)";
				PRODUCT_BUNDLE_IDENTIFIER = "com.mstana.RecogLib-iOS";
				PRODUCT_NAME = "$(TARGET_NAME:c99extidentifier)";
				SKIP_INSTALL = YES;
				SUPPORTS_MACCATALYST = NO;
				SWIFT_OPTIMIZATION_LEVEL = "-Onone";
				SWIFT_VERSION = 5.0;
				TARGETED_DEVICE_FAMILY = "1,2";
				VALIDATE_WORKSPACE = NO;
			};
			name = Debug;
		};
		D264246722C11E7E00735B99 /* Release */ = {
			isa = XCBuildConfiguration;
			buildSettings = {
				BUILD_LIBRARY_FOR_DISTRIBUTION = YES;
				CLANG_ALLOW_NON_MODULAR_INCLUDES_IN_FRAMEWORK_MODULES = NO;
				CLANG_CXX_LANGUAGE_STANDARD = "gnu++17";
				CLANG_ENABLE_CODE_COVERAGE = YES;
				CLANG_ENABLE_MODULES = YES;
				CLANG_WARN_CXX0X_EXTENSIONS = YES;
				CODE_SIGN_IDENTITY = "";
				CODE_SIGN_STYLE = Automatic;
				CURRENT_PROJECT_VERSION = 6;
				DEFINES_MODULE = YES;
				DEVELOPMENT_TEAM = FQAZ2Y87Y2;
				DYLIB_COMPATIBILITY_VERSION = 1;
				DYLIB_CURRENT_VERSION = 1;
				DYLIB_INSTALL_NAME_BASE = "@rpath";
				ENABLE_BITCODE = YES;
				FRAMEWORK_SEARCH_PATHS = (
					"$(inherited)",
					"$(PROJECT_DIR)",
					"$(PROJECT_DIR)/RecogLib-iOS",
				);
				GCC_CW_ASM_SYNTAX = YES;
				GCC_C_LANGUAGE_STANDARD = gnu11;
				GCC_INPUT_FILETYPE = automatic;
				GCC_PREPROCESSOR_DEFINITIONS = "NO_OPENCV=1";
				HEADER_SEARCH_PATHS = "${SOURCE_ROOT}/LibZenid_iOS/Headers";
				INFOPLIST_FILE = "RecogLib-iOS/Info.plist";
				INSTALL_PATH = "$(LOCAL_LIBRARY_DIR)/Frameworks";
				IPHONEOS_DEPLOYMENT_TARGET = 11.0;
				LD_RUNPATH_SEARCH_PATHS = (
					"$(inherited)",
					"@executable_path/Frameworks",
					"@loader_path/Frameworks",
				);
				LIBRARY_SEARCH_PATHS = "$(inherited)";
				MARKETING_VERSION = 1.7.0;
				ONLY_ACTIVE_ARCH = YES;
				OTHER_CPLUSPLUSFLAGS = "$(OTHER_CFLAGS)";
				PRODUCT_BUNDLE_IDENTIFIER = "com.mstana.RecogLib-iOS";
				PRODUCT_NAME = "$(TARGET_NAME:c99extidentifier)";
				SKIP_INSTALL = YES;
				SUPPORTS_MACCATALYST = NO;
				SWIFT_VERSION = 5.0;
				TARGETED_DEVICE_FAMILY = "1,2";
				VALIDATE_WORKSPACE = NO;
			};
			name = Release;
		};
/* End XCBuildConfiguration section */

/* Begin XCConfigurationList section */
		D264245722C11E7E00735B99 /* Build configuration list for PBXProject "RecogLib-iOS" */ = {
			isa = XCConfigurationList;
			buildConfigurations = (
				D264246322C11E7E00735B99 /* Debug */,
				D264246422C11E7E00735B99 /* Release */,
			);
			defaultConfigurationIsVisible = 0;
			defaultConfigurationName = Release;
		};
		D264246522C11E7E00735B99 /* Build configuration list for PBXNativeTarget "RecogLib-iOS" */ = {
			isa = XCConfigurationList;
			buildConfigurations = (
				D264246622C11E7E00735B99 /* Debug */,
				D264246722C11E7E00735B99 /* Release */,
			);
			defaultConfigurationIsVisible = 0;
			defaultConfigurationName = Release;
		};
/* End XCConfigurationList section */
	};
	rootObject = D264245422C11E7E00735B99 /* Project object */;
}
